
Microsoft Visual Studio Solution File, Format Version 12.00
# Visual Studio Version 17
VisualStudioVersion = 17.4.33213.308
MinimumVisualStudioVersion = 10.0.40219.1
Project("{FAE04EC0-301F-11D3-BF4B-00C04F79EFBC}") = "LoginForm", "LoginForm\LoginForm.csproj", "{849BA883-528A-4F3D-8335-C41F0973C7AA}"
EndProject
Global
	GlobalSection(SolutionConfigurationPlatforms) = preSolution
		Debug|Any CPU = Debug|Any CPU
		Release|Any CPU = Release|Any CPU
	EndGlobalSection
	GlobalSection(ProjectConfigurationPlatforms) = postSolution
		{849BA883-528A-4F3D-8335-C41F0973C7AA}.Debug|Any CPU.ActiveCfg = Debug|Any CPU
		{849BA883-528A-4F3D-8335-C41F0973C7AA}.Debug|Any CPU.Build.0 = Debug|Any CPU
		{849BA883-528A-4F3D-8335-C41F0973C7AA}.Release|Any CPU.ActiveCfg = Release|Any CPU
		{849BA883-528A-4F3D-8335-C41F0973C7AA}.Release|Any CPU.Build.0 = Release|Any CPU
	EndGlobalSection
	GlobalSection(SolutionProperties) = preSolution
		HideSolutionNode = FALSE
	EndGlobalSection
	GlobalSection(ExtensibilityGlobals) = postSolution
		SolutionGuid = {B63627DC-E7E6-4B13-BB9B-A56F95BECDC2}
	EndGlobalSection
EndGlobal
